
Microsoft Visual Studio Solution File, Format Version 12.00
# Visual Studio Version 16
VisualStudioVersion = 16.0.31702.278
MinimumVisualStudioVersion = 10.0.40219.1
Project("{FAE04EC0-301F-11D3-BF4B-00C04F79EFBC}") = "Binary Calculator", "Binary Calculator\Binary Calculator.csproj", "{8D401744-9F39-430F-B6EB-14B4742684E8}"
EndProject
Global
	GlobalSection(SolutionConfigurationPlatforms) = preSolution
		Debug|Any CPU = Debug|Any CPU
		Release|Any CPU = Release|Any CPU
	EndGlobalSection
	GlobalSection(ProjectConfigurationPlatforms) = postSolution
		{8D401744-9F39-430F-B6EB-14B4742684E8}.Debug|Any CPU.ActiveCfg = Debug|Any CPU
		{8D401744-9F39-430F-B6EB-14B4742684E8}.Debug|Any CPU.Build.0 = Debug|Any CPU
		{8D401744-9F39-430F-B6EB-14B4742684E8}.Release|Any CPU.ActiveCfg = Release|Any CPU
		{8D401744-9F39-430F-B6EB-14B4742684E8}.Release|Any CPU.Build.0 = Release|Any CPU
	EndGlobalSection
	GlobalSection(SolutionProperties) = preSolution
		HideSolutionNode = FALSE
	EndGlobalSection
	GlobalSection(ExtensibilityGlobals) = postSolution
		SolutionGuid = {6BBA6BDA-0865-4064-A966-90910ABC980D}
	EndGlobalSection
EndGlobal
